
Microsoft Visual Studio Solution File, Format Version 12.00
# Visual Studio Version 16
VisualStudioVersion = 16.0.30523.141
MinimumVisualStudioVersion = 10.0.40219.1
Project("{FAE04EC0-301F-11D3-BF4B-00C04F79EFBC}") = "CheckersLogic", "CheckersLogic\CheckersLogic.csproj", "{1E6C9B0D-AF4B-4BEF-9DCF-3602EE13DF21}"
EndProject
Project("{FAE04EC0-301F-11D3-BF4B-00C04F79EFBC}") = "Checkers", "WindowsFormsApp1\Checkers.csproj", "{6D6D4D56-FDE1-465E-ABA7-8EC422BBAC19}"
EndProject
Global
	GlobalSection(SolutionConfigurationPlatforms) = preSolution
		Debug|Any CPU = Debug|Any CPU
		Release|Any CPU = Release|Any CPU
	EndGlobalSection
	GlobalSection(ProjectConfigurationPlatforms) = postSolution
		{1E6C9B0D-AF4B-4BEF-9DCF-3602EE13DF21}.Debug|Any CPU.ActiveCfg = Debug|Any CPU
		{1E6C9B0D-AF4B-4BEF-9DCF-3602EE13DF21}.Debug|Any CPU.Build.0 = Debug|Any CPU
		{1E6C9B0D-AF4B-4BEF-9DCF-3602EE13DF21}.Release|Any CPU.ActiveCfg = Release|Any CPU
		{1E6C9B0D-AF4B-4BEF-9DCF-3602EE13DF21}.Release|Any CPU.Build.0 = Release|Any CPU
		{6D6D4D56-FDE1-465E-ABA7-8EC422BBAC19}.Debug|Any CPU.ActiveCfg = Debug|Any CPU
		{6D6D4D56-FDE1-465E-ABA7-8EC422BBAC19}.Debug|Any CPU.Build.0 = Debug|Any CPU
		{6D6D4D56-FDE1-465E-ABA7-8EC422BBAC19}.Release|Any CPU.ActiveCfg = Release|Any CPU
		{6D6D4D56-FDE1-465E-ABA7-8EC422BBAC19}.Release|Any CPU.Build.0 = Release|Any CPU
	EndGlobalSection
	GlobalSection(SolutionProperties) = preSolution
		HideSolutionNode = FALSE
	EndGlobalSection
	GlobalSection(ExtensibilityGlobals) = postSolution
		SolutionGuid = {481A4EDD-4BBD-47E6-9491-15888C59FE8B}
	EndGlobalSection
EndGlobal
